
Microsoft Visual Studio Solution File, Format Version 12.00
# Visual Studio 14
VisualStudioVersion = 14.0.25420.1
MinimumVisualStudioVersion = 10.0.40219.1
Project("{FAE04EC0-301F-11D3-BF4B-00C04F79EFBC}") = "Homely", "Homely\Homely.csproj", "{7B799CE4-D4ED-4756-97C6-0E4E87E937AE}"
EndProject
Project("{FAE04EC0-301F-11D3-BF4B-00C04F79EFBC}") = "Homely.Common", "Homely.Common\Homely.Common.csproj", "{CD104F9F-D9A6-44EF-8613-36172BB73292}"
EndProject
Project("{FAE04EC0-301F-11D3-BF4B-00C04F79EFBC}") = "Homely.Infrastructure", "Homely.Infrastructure\Homely.Infrastructure.csproj", "{10846D14-5ABF-40EA-828F-11FEF40EBC04}"
EndProject
Project("{00D1A9C2-B5F0-4AF3-8072-F6C62B433612}") = "HomelyDb", "HomelyDb\HomelyDb.sqlproj", "{1A822E65-6DCF-41C0-92B8-B43D40941D7A}"
EndProject
Global
	GlobalSection(SolutionConfigurationPlatforms) = preSolution
		Debug|Any CPU = Debug|Any CPU
		Release|Any CPU = Release|Any CPU
	EndGlobalSection
	GlobalSection(ProjectConfigurationPlatforms) = postSolution
		{7B799CE4-D4ED-4756-97C6-0E4E87E937AE}.Debug|Any CPU.ActiveCfg = Debug|Any CPU
		{7B799CE4-D4ED-4756-97C6-0E4E87E937AE}.Debug|Any CPU.Build.0 = Debug|Any CPU
		{7B799CE4-D4ED-4756-97C6-0E4E87E937AE}.Release|Any CPU.ActiveCfg = Release|Any CPU
		{7B799CE4-D4ED-4756-97C6-0E4E87E937AE}.Release|Any CPU.Build.0 = Release|Any CPU
		{CD104F9F-D9A6-44EF-8613-36172BB73292}.Debug|Any CPU.ActiveCfg = Debug|Any CPU
		{CD104F9F-D9A6-44EF-8613-36172BB73292}.Debug|Any CPU.Build.0 = Debug|Any CPU
		{CD104F9F-D9A6-44EF-8613-36172BB73292}.Release|Any CPU.ActiveCfg = Release|Any CPU
		{CD104F9F-D9A6-44EF-8613-36172BB73292}.Release|Any CPU.Build.0 = Release|Any CPU
		{10846D14-5ABF-40EA-828F-11FEF40EBC04}.Debug|Any CPU.ActiveCfg = Debug|Any CPU
		{10846D14-5ABF-40EA-828F-11FEF40EBC04}.Debug|Any CPU.Build.0 = Debug|Any CPU
		{10846D14-5ABF-40EA-828F-11FEF40EBC04}.Release|Any CPU.ActiveCfg = Release|Any CPU
		{10846D14-5ABF-40EA-828F-11FEF40EBC04}.Release|Any CPU.Build.0 = Release|Any CPU
		{1A822E65-6DCF-41C0-92B8-B43D40941D7A}.Debug|Any CPU.ActiveCfg = Debug|Any CPU
		{1A822E65-6DCF-41C0-92B8-B43D40941D7A}.Debug|Any CPU.Build.0 = Debug|Any CPU
		{1A822E65-6DCF-41C0-92B8-B43D40941D7A}.Debug|Any CPU.Deploy.0 = Debug|Any CPU
		{1A822E65-6DCF-41C0-92B8-B43D40941D7A}.Release|Any CPU.ActiveCfg = Release|Any CPU
		{1A822E65-6DCF-41C0-92B8-B43D40941D7A}.Release|Any CPU.Build.0 = Release|Any CPU
		{1A822E65-6DCF-41C0-92B8-B43D40941D7A}.Release|Any CPU.Deploy.0 = Release|Any CPU
	EndGlobalSection
	GlobalSection(SolutionProperties) = preSolution
		HideSolutionNode = FALSE
	EndGlobalSection
EndGlobal
